
Microsoft Visual Studio Solution File, Format Version 12.00
# Visual Studio Version 16
VisualStudioVersion = 16.0.31410.357
MinimumVisualStudioVersion = 10.0.40219.1
Project("{FAE04EC0-301F-11D3-BF4B-00C04F79EFBC}") = "SchoolAdmin", "SchoolAdmin.csproj", "{9F780D4F-01E9-4AAE-A8CE-237404B75266}"
EndProject
Global
	GlobalSection(SolutionConfigurationPlatforms) = preSolution
		Debug|Any CPU = Debug|Any CPU
		Release|Any CPU = Release|Any CPU
	EndGlobalSection
	GlobalSection(ProjectConfigurationPlatforms) = postSolution
		{9F780D4F-01E9-4AAE-A8CE-237404B75266}.Debug|Any CPU.ActiveCfg = Debug|Any CPU
		{9F780D4F-01E9-4AAE-A8CE-237404B75266}.Debug|Any CPU.Build.0 = Debug|Any CPU
		{9F780D4F-01E9-4AAE-A8CE-237404B75266}.Release|Any CPU.ActiveCfg = Release|Any CPU
		{9F780D4F-01E9-4AAE-A8CE-237404B75266}.Release|Any CPU.Build.0 = Release|Any CPU
	EndGlobalSection
	GlobalSection(SolutionProperties) = preSolution
		HideSolutionNode = FALSE
	EndGlobalSection
	GlobalSection(ExtensibilityGlobals) = postSolution
		SolutionGuid = {C2739002-0375-4DA7-AEB7-560D98A40DA5}
	EndGlobalSection
EndGlobal
